// !$*UTF8*$!
{
	archiveVersion = 1;
	classes = {
	};
	objectVersion = 56;
	objects = {

/* Begin PBXBuildFile section */
		1FE7D34E2BD25C0800360068 /* YoungTalentiOSApp.swift in Sources */ = {isa = PBXBuildFile; fileRef = 1FE7D34D2BD25C0800360068 /* YoungTalentiOSApp.swift */; };
		1FE7D3502BD25C0800360068 /* ContentView.swift in Sources */ = {isa = PBXBuildFile; fileRef = 1FE7D34F2BD25C0800360068 /* ContentView.swift */; };
		1FE7D3522BD25C0B00360068 /* Assets.xcassets in Resources */ = {isa = PBXBuildFile; fileRef = 1FE7D3512BD25C0B00360068 /* Assets.xcassets */; };
		1FE7D3552BD25C0B00360068 /* Preview Assets.xcassets in Resources */ = {isa = PBXBuildFile; fileRef = 1FE7D3542BD25C0B00360068 /* Preview Assets.xcassets */; };
		1FE7D35F2BD25C0C00360068 /* YoungTalentiOSTests.swift in Sources */ = {isa = PBXBuildFile; fileRef = 1FE7D35E2BD25C0C00360068 /* YoungTalentiOSTests.swift */; };
		1FE7D3692BD25C0C00360068 /* YoungTalentiOSUITests.swift in Sources */ = {isa = PBXBuildFile; fileRef = 1FE7D3682BD25C0C00360068 /* YoungTalentiOSUITests.swift */; };
		1FE7D36B2BD25C0C00360068 /* YoungTalentiOSUITestsLaunchTests.swift in Sources */ = {isa = PBXBuildFile; fileRef = 1FE7D36A2BD25C0C00360068 /* YoungTalentiOSUITestsLaunchTests.swift */; };
/* End PBXBuildFile section */

/* Begin PBXContainerItemProxy section */
		1FE7D35B2BD25C0C00360068 /* PBXContainerItemProxy */ = {
			isa = PBXContainerItemProxy;
			containerPortal = 1FE7D3422BD25C0800360068 /* Project object */;
			proxyType = 1;
			remoteGlobalIDString = 1FE7D3492BD25C0800360068;
			remoteInfo = YoungTalentiOS;
		};
		1FE7D3652BD25C0C00360068 /* PBXContainerItemProxy */ = {
			isa = PBXContainerItemProxy;
			containerPortal = 1FE7D3422BD25C0800360068 /* Project object */;
			proxyType = 1;
			remoteGlobalIDString = 1FE7D3492BD25C0800360068;
			remoteInfo = YoungTalentiOS;
		};
/* End PBXContainerItemProxy section */

/* Begin PBXFileReference section */
		1FE7D34A2BD25C0800360068 /* YoungTalentIos.app */ = {isa = PBXFileReference; explicitFileType = wrapper.application; includeInIndex = 0; path = YoungTalentIos.app; sourceTree = BUILT_PRODUCTS_DIR; };
		1FE7D34D2BD25C0800360068 /* YoungTalentiOSApp.swift */ = {isa = PBXFileReference; lastKnownFileType = sourcecode.swift; path = YoungTalentiOSApp.swift; sourceTree = "<group>"; };
		1FE7D34F2BD25C0800360068 /* ContentView.swift */ = {isa = PBXFileReference; lastKnownFileType = sourcecode.swift; path = ContentView.swift; sourceTree = "<group>"; };
		1FE7D3512BD25C0B00360068 /* Assets.xcassets */ = {isa = PBXFileReference; lastKnownFileType = folder.assetcatalog; path = Assets.xcassets; sourceTree = "<group>"; };
		1FE7D3542BD25C0B00360068 /* Preview Assets.xcassets */ = {isa = PBXFileReference; lastKnownFileType = folder.assetcatalog; path = "Preview Assets.xcassets"; sourceTree = "<group>"; };
		1FE7D35A2BD25C0C00360068 /* YoungTalentiOSTests.xctest */ = {isa = PBXFileReference; explicitFileType = wrapper.cfbundle; includeInIndex = 0; path = YoungTalentiOSTests.xctest; sourceTree = BUILT_PRODUCTS_DIR; };
		1FE7D35E2BD25C0C00360068 /* YoungTalentiOSTests.swift */ = {isa = PBXFileReference; lastKnownFileType = sourcecode.swift; path = YoungTalentiOSTests.swift; sourceTree = "<group>"; };
		1FE7D3642BD25C0C00360068 /* YoungTalentiOSUITests.xctest */ = {isa = PBXFileReference; explicitFileType = wrapper.cfbundle; includeInIndex = 0; path = YoungTalentiOSUITests.xctest; sourceTree = BUILT_PRODUCTS_DIR; };
		1FE7D3682BD25C0C00360068 /* YoungTalentiOSUITests.swift */ = {isa = PBXFileReference; lastKnownFileType = sourcecode.swift; path = YoungTalentiOSUITests.swift; sourceTree = "<group>"; };
		1FE7D36A2BD25C0C00360068 /* YoungTalentiOSUITestsLaunchTests.swift */ = {isa = PBXFileReference; lastKnownFileType = sourcecode.swift; path = YoungTalentiOSUITestsLaunchTests.swift; sourceTree = "<group>"; };
		1FE7D3772BD25C3400360068 /* Info.plist */ = {isa = PBXFileReference; lastKnownFileType = text.plist; path = Info.plist; sourceTree = "<group>"; };
		1FE7D3792BD25C5100360068 /* Production.xcconfig */ = {isa = PBXFileReference; lastKnownFileType = text.xcconfig; path = Production.xcconfig; sourceTree = "<group>"; };
		1FE7D37A2BD25C5F00360068 /* Development.xcconfig */ = {isa = PBXFileReference; lastKnownFileType = text.xcconfig; path = Development.xcconfig; sourceTree = "<group>"; };
/* End PBXFileReference section */

/* Begin PBXFrameworksBuildPhase section */
		1FE7D3472BD25C0800360068 /* Frameworks */ = {
			isa = PBXFrameworksBuildPhase;
			buildActionMask = 2147483647;
			files = (
			);
			runOnlyForDeploymentPostprocessing = 0;
		};
		1FE7D3572BD25C0C00360068 /* Frameworks */ = {
			isa = PBXFrameworksBuildPhase;
			buildActionMask = 2147483647;
			files = (
			);
			runOnlyForDeploymentPostprocessing = 0;
		};
		1FE7D3612BD25C0C00360068 /* Frameworks */ = {
			isa = PBXFrameworksBuildPhase;
			buildActionMask = 2147483647;
			files = (
			);
			runOnlyForDeploymentPostprocessing = 0;
		};
/* End PBXFrameworksBuildPhase section */

/* Begin PBXGroup section */
		1FE7D3412BD25C0800360068 = {
			isa = PBXGroup;
			children = (
				1FE7D3782BD25C4000360068 /* Configuration */,
				1FE7D34C2BD25C0800360068 /* YoungTalentiOS */,
				1FE7D35D2BD25C0C00360068 /* YoungTalentiOSTests */,
				1FE7D3672BD25C0C00360068 /* YoungTalentiOSUITests */,
				1FE7D34B2BD25C0800360068 /* Products */,
			);
			sourceTree = "<group>";
		};
		1FE7D34B2BD25C0800360068 /* Products */ = {
			isa = PBXGroup;
			children = (
				1FE7D34A2BD25C0800360068 /* YoungTalentIos.app */,
				1FE7D35A2BD25C0C00360068 /* YoungTalentiOSTests.xctest */,
				1FE7D3642BD25C0C00360068 /* YoungTalentiOSUITests.xctest */,
			);
			name = Products;
			sourceTree = "<group>";
		};
		1FE7D34C2BD25C0800360068 /* YoungTalentiOS */ = {
			isa = PBXGroup;
			children = (
				1FE7D3772BD25C3400360068 /* Info.plist */,
				1FE7D34D2BD25C0800360068 /* YoungTalentiOSApp.swift */,
				1FE7D34F2BD25C0800360068 /* ContentView.swift */,
				1FE7D3512BD25C0B00360068 /* Assets.xcassets */,
				1FE7D3532BD25C0B00360068 /* Preview Content */,
			);
			path = YoungTalentiOS;
			sourceTree = "<group>";
		};
		1FE7D3532BD25C0B00360068 /* Preview Content */ = {
			isa = PBXGroup;
			children = (
				1FE7D3542BD25C0B00360068 /* Preview Assets.xcassets */,
			);
			path = "Preview Content";
			sourceTree = "<group>";
		};
		1FE7D35D2BD25C0C00360068 /* YoungTalentiOSTests */ = {
			isa = PBXGroup;
			children = (
				1FE7D35E2BD25C0C00360068 /* YoungTalentiOSTests.swift */,
			);
			path = YoungTalentiOSTests;
			sourceTree = "<group>";
		};
		1FE7D3672BD25C0C00360068 /* YoungTalentiOSUITests */ = {
			isa = PBXGroup;
			children = (
				1FE7D3682BD25C0C00360068 /* YoungTalentiOSUITests.swift */,
				1FE7D36A2BD25C0C00360068 /* YoungTalentiOSUITestsLaunchTests.swift */,
			);
			path = YoungTalentiOSUITests;
			sourceTree = "<group>";
		};
		1FE7D3782BD25C4000360068 /* Configuration */ = {
			isa = PBXGroup;
			children = (
				1FE7D37A2BD25C5F00360068 /* Development.xcconfig */,
				1FE7D3792BD25C5100360068 /* Production.xcconfig */,
			);
			path = Configuration;
			sourceTree = "<group>";
		};
/* End PBXGroup section */

/* Begin PBXNativeTarget section */
		1FE7D3492BD25C0800360068 /* YoungTalentiOS */ = {
			isa = PBXNativeTarget;
			buildConfigurationList = 1FE7D36E2BD25C0C00360068 /* Build configuration list for PBXNativeTarget "YoungTalentiOS" */;
			buildPhases = (
				1FE7D3462BD25C0800360068 /* Sources */,
				1FE7D3472BD25C0800360068 /* Frameworks */,
				1FE7D3482BD25C0800360068 /* Resources */,
			);
			buildRules = (
			);
			dependencies = (
			);
			name = YoungTalentiOS;
			productName = YoungTalentiOS;
			productReference = 1FE7D34A2BD25C0800360068 /* YoungTalentIos.app */;
			productType = "com.apple.product-type.application";
		};
		1FE7D3592BD25C0C00360068 /* YoungTalentiOSTests */ = {
			isa = PBXNativeTarget;
			buildConfigurationList = 1FE7D3712BD25C0C00360068 /* Build configuration list for PBXNativeTarget "YoungTalentiOSTests" */;
			buildPhases = (
				1FE7D3562BD25C0C00360068 /* Sources */,
				1FE7D3572BD25C0C00360068 /* Frameworks */,
				1FE7D3582BD25C0C00360068 /* Resources */,
			);
			buildRules = (
			);
			dependencies = (
				1FE7D35C2BD25C0C00360068 /* PBXTargetDependency */,
			);
			name = YoungTalentiOSTests;
			productName = YoungTalentiOSTests;
			productReference = 1FE7D35A2BD25C0C00360068 /* YoungTalentiOSTests.xctest */;
			productType = "com.apple.product-type.bundle.unit-test";
		};
		1FE7D3632BD25C0C00360068 /* YoungTalentiOSUITests */ = {
			isa = PBXNativeTarget;
			buildConfigurationList = 1FE7D3742BD25C0C00360068 /* Build configuration list for PBXNativeTarget "YoungTalentiOSUITests" */;
			buildPhases = (
				1FE7D3602BD25C0C00360068 /* Sources */,
				1FE7D3612BD25C0C00360068 /* Frameworks */,
				1FE7D3622BD25C0C00360068 /* Resources */,
			);
			buildRules = (
			);
			dependencies = (
				1FE7D3662BD25C0C00360068 /* PBXTargetDependency */,
			);
			name = YoungTalentiOSUITests;
			productName = YoungTalentiOSUITests;
			productReference = 1FE7D3642BD25C0C00360068 /* YoungTalentiOSUITests.xctest */;
			productType = "com.apple.product-type.bundle.ui-testing";
		};
/* End PBXNativeTarget section */

/* Begin PBXProject section */
		1FE7D3422BD25C0800360068 /* Project object */ = {
			isa = PBXProject;
			attributes = {
				BuildIndependentTargetsInParallel = 1;
				LastSwiftUpdateCheck = 1520;
				LastUpgradeCheck = 1520;
				TargetAttributes = {
					1FE7D3492BD25C0800360068 = {
						CreatedOnToolsVersion = 15.2;
					};
					1FE7D3592BD25C0C00360068 = {
						CreatedOnToolsVersion = 15.2;
						TestTargetID = 1FE7D3492BD25C0800360068;
					};
					1FE7D3632BD25C0C00360068 = {
						CreatedOnToolsVersion = 15.2;
						TestTargetID = 1FE7D3492BD25C0800360068;
					};
				};
			};
			buildConfigurationList = 1FE7D3452BD25C0800360068 /* Build configuration list for PBXProject "YoungTalentiOS" */;
			compatibilityVersion = "Xcode 14.0";
			developmentRegion = en;
			hasScannedForEncodings = 0;
			knownRegions = (
				en,
				Base,
			);
			mainGroup = 1FE7D3412BD25C0800360068;
			productRefGroup = 1FE7D34B2BD25C0800360068 /* Products */;
			projectDirPath = "";
			projectRoot = "";
			targets = (
				1FE7D3492BD25C0800360068 /* YoungTalentiOS */,
				1FE7D3592BD25C0C00360068 /* YoungTalentiOSTests */,
				1FE7D3632BD25C0C00360068 /* YoungTalentiOSUITests */,
			);
		};
/* End PBXProject section */

/* Begin PBXResourcesBuildPhase section */
		1FE7D3482BD25C0800360068 /* Resources */ = {
			isa = PBXResourcesBuildPhase;
			buildActionMask = 2147483647;
			files = (
				1FE7D3552BD25C0B00360068 /* Preview Assets.xcassets in Resources */,
				1FE7D3522BD25C0B00360068 /* Assets.xcassets in Resources */,
			);
			runOnlyForDeploymentPostprocessing = 0;
		};
		1FE7D3582BD25C0C00360068 /* Resources */ = {
			isa = PBXResourcesBuildPhase;
			buildActionMask = 2147483647;
			files = (
			);
			runOnlyForDeploymentPostprocessing = 0;
		};
		1FE7D3622BD25C0C00360068 /* Resources */ = {
			isa = PBXResourcesBuildPhase;
			buildActionMask = 2147483647;
			files = (
			);
			runOnlyForDeploymentPostprocessing = 0;
		};
/* End PBXResourcesBuildPhase section */

/* Begin PBXSourcesBuildPhase section */
		1FE7D3462BD25C0800360068 /* Sources */ = {
			isa = PBXSourcesBuildPhase;
			buildActionMask = 2147483647;
			files = (
				1FE7D3502BD25C0800360068 /* ContentView.swift in Sources */,
				1FE7D34E2BD25C0800360068 /* YoungTalentiOSApp.swift in Sources */,
			);
			runOnlyForDeploymentPostprocessing = 0;
		};
		1FE7D3562BD25C0C00360068 /* Sources */ = {
			isa = PBXSourcesBuildPhase;
			buildActionMask = 2147483647;
			files = (
				1FE7D35F2BD25C0C00360068 /* YoungTalentiOSTests.swift in Sources */,
			);
			runOnlyForDeploymentPostprocessing = 0;
		};
		1FE7D3602BD25C0C00360068 /* Sources */ = {
			isa = PBXSourcesBuildPhase;
			buildActionMask = 2147483647;
			files = (
				1FE7D3692BD25C0C00360068 /* YoungTalentiOSUITests.swift in Sources */,
				1FE7D36B2BD25C0C00360068 /* YoungTalentiOSUITestsLaunchTests.swift in Sources */,
			);
			runOnlyForDeploymentPostprocessing = 0;
		};
/* End PBXSourcesBuildPhase section */

/* Begin PBXTargetDependency section */
		1FE7D35C2BD25C0C00360068 /* PBXTargetDependency */ = {
			isa = PBXTargetDependency;
			target = 1FE7D3492BD25C0800360068 /* YoungTalentiOS */;
			targetProxy = 1FE7D35B2BD25C0C00360068 /* PBXContainerItemProxy */;
		};
		1FE7D3662BD25C0C00360068 /* PBXTargetDependency */ = {
			isa = PBXTargetDependency;
			target = 1FE7D3492BD25C0800360068 /* YoungTalentiOS */;
			targetProxy = 1FE7D3652BD25C0C00360068 /* PBXContainerItemProxy */;
		};
/* End PBXTargetDependency section */

/* Begin XCBuildConfiguration section */
		1FE7D36C2BD25C0C00360068 /* ProductionDebug */ = {
			isa = XCBuildConfiguration;
			baseConfigurationReference = 1FE7D3792BD25C5100360068 /* Production.xcconfig */;
			buildSettings = {
				ALWAYS_SEARCH_USER_PATHS = NO;
				ASSETCATALOG_COMPILER_GENERATE_SWIFT_ASSET_SYMBOL_EXTENSIONS = YES;
				CLANG_ANALYZER_NONNULL = YES;
				CLANG_ANALYZER_NUMBER_OBJECT_CONVERSION = YES_AGGRESSIVE;
				CLANG_CXX_LANGUAGE_STANDARD = "gnu++20";
				CLANG_ENABLE_MODULES = YES;
				CLANG_ENABLE_OBJC_ARC = YES;
				CLANG_ENABLE_OBJC_WEAK = YES;
				CLANG_WARN_BLOCK_CAPTURE_AUTORELEASING = YES;
				CLANG_WARN_BOOL_CONVERSION = YES;
				CLANG_WARN_COMMA = YES;
				CLANG_WARN_CONSTANT_CONVERSION = YES;
				CLANG_WARN_DEPRECATED_OBJC_IMPLEMENTATIONS = YES;
				CLANG_WARN_DIRECT_OBJC_ISA_USAGE = YES_ERROR;
				CLANG_WARN_DOCUMENTATION_COMMENTS = YES;
				CLANG_WARN_EMPTY_BODY = YES;
				CLANG_WARN_ENUM_CONVERSION = YES;
				CLANG_WARN_INFINITE_RECURSION = YES;
				CLANG_WARN_INT_CONVERSION = YES;
				CLANG_WARN_NON_LITERAL_NULL_CONVERSION = YES;
				CLANG_WARN_OBJC_IMPLICIT_RETAIN_SELF = YES;
				CLANG_WARN_OBJC_LITERAL_CONVERSION = YES;
				CLANG_WARN_OBJC_ROOT_CLASS = YES_ERROR;
				CLANG_WARN_QUOTED_INCLUDE_IN_FRAMEWORK_HEADER = YES;
				CLANG_WARN_RANGE_LOOP_ANALYSIS = YES;
				CLANG_WARN_STRICT_PROTOTYPES = YES;
				CLANG_WARN_SUSPICIOUS_MOVE = YES;
				CLANG_WARN_UNGUARDED_AVAILABILITY = YES_AGGRESSIVE;
				CLANG_WARN_UNREACHABLE_CODE = YES;
				CLANG_WARN__DUPLICATE_METHOD_MATCH = YES;
				COPY_PHASE_STRIP = NO;
				DEBUG_INFORMATION_FORMAT = dwarf;
				ENABLE_STRICT_OBJC_MSGSEND = YES;
				ENABLE_TESTABILITY = YES;
				ENABLE_USER_SCRIPT_SANDBOXING = YES;
				GCC_C_LANGUAGE_STANDARD = gnu17;
				GCC_DYNAMIC_NO_PIC = NO;
				GCC_NO_COMMON_BLOCKS = YES;
				GCC_OPTIMIZATION_LEVEL = 0;
				GCC_PREPROCESSOR_DEFINITIONS = (
					"DEBUG=1",
					"$(inherited)",
				);
				GCC_WARN_64_TO_32_BIT_CONVERSION = YES;
				GCC_WARN_ABOUT_RETURN_TYPE = YES_ERROR;
				GCC_WARN_UNDECLARED_SELECTOR = YES;
				GCC_WARN_UNINITIALIZED_AUTOS = YES_AGGRESSIVE;
				GCC_WARN_UNUSED_FUNCTION = YES;
				GCC_WARN_UNUSED_VARIABLE = YES;
				INFOPLIST_KEY_WKCompanionAppBundleIdentifier = "$(BACKEND_URL)";
				IPHONEOS_DEPLOYMENT_TARGET = 15.0;
				LOCALIZATION_PREFERS_STRING_CATALOGS = YES;
				MTL_ENABLE_DEBUG_INFO = INCLUDE_SOURCE;
				MTL_FAST_MATH = YES;
				ONLY_ACTIVE_ARCH = YES;
				SDKROOT = iphoneos;
				SWIFT_ACTIVE_COMPILATION_CONDITIONS = "DEBUG $(inherited)";
				SWIFT_OPTIMIZATION_LEVEL = "-Onone";
			};
			name = ProductionDebug;
		};
		1FE7D36D2BD25C0C00360068 /* ProductionRelease */ = {
			isa = XCBuildConfiguration;
			baseConfigurationReference = 1FE7D3792BD25C5100360068 /* Production.xcconfig */;
			buildSettings = {
				ALWAYS_SEARCH_USER_PATHS = NO;
				ASSETCATALOG_COMPILER_GENERATE_SWIFT_ASSET_SYMBOL_EXTENSIONS = YES;
				CLANG_ANALYZER_NONNULL = YES;
				CLANG_ANALYZER_NUMBER_OBJECT_CONVERSION = YES_AGGRESSIVE;
				CLANG_CXX_LANGUAGE_STANDARD = "gnu++20";
				CLANG_ENABLE_MODULES = YES;
				CLANG_ENABLE_OBJC_ARC = YES;
				CLANG_ENABLE_OBJC_WEAK = YES;
				CLANG_WARN_BLOCK_CAPTURE_AUTORELEASING = YES;
				CLANG_WARN_BOOL_CONVERSION = YES;
				CLANG_WARN_COMMA = YES;
				CLANG_WARN_CONSTANT_CONVERSION = YES;
				CLANG_WARN_DEPRECATED_OBJC_IMPLEMENTATIONS = YES;
				CLANG_WARN_DIRECT_OBJC_ISA_USAGE = YES_ERROR;
				CLANG_WARN_DOCUMENTATION_COMMENTS = YES;
				CLANG_WARN_EMPTY_BODY = YES;
				CLANG_WARN_ENUM_CONVERSION = YES;
				CLANG_WARN_INFINITE_RECURSION = YES;
				CLANG_WARN_INT_CONVERSION = YES;
				CLANG_WARN_NON_LITERAL_NULL_CONVERSION = YES;
				CLANG_WARN_OBJC_IMPLICIT_RETAIN_SELF = YES;
				CLANG_WARN_OBJC_LITERAL_CONVERSION = YES;
				CLANG_WARN_OBJC_ROOT_CLASS = YES_ERROR;
				CLANG_WARN_QUOTED_INCLUDE_IN_FRAMEWORK_HEADER = YES;
				CLANG_WARN_RANGE_LOOP_ANALYSIS = YES;
				CLANG_WARN_STRICT_PROTOTYPES = YES;
				CLANG_WARN_SUSPICIOUS_MOVE = YES;
				CLANG_WARN_UNGUARDED_AVAILABILITY = YES_AGGRESSIVE;
				CLANG_WARN_UNREACHABLE_CODE = YES;
				CLANG_WARN__DUPLICATE_METHOD_MATCH = YES;
				COPY_PHASE_STRIP = NO;
				DEBUG_INFORMATION_FORMAT = "dwarf-with-dsym";
				ENABLE_NS_ASSERTIONS = NO;
				ENABLE_STRICT_OBJC_MSGSEND = YES;
				ENABLE_USER_SCRIPT_SANDBOXING = YES;
				GCC_C_LANGUAGE_STANDARD = gnu17;
				GCC_NO_COMMON_BLOCKS = YES;
				GCC_WARN_64_TO_32_BIT_CONVERSION = YES;
				GCC_WARN_ABOUT_RETURN_TYPE = YES_ERROR;
				GCC_WARN_UNDECLARED_SELECTOR = YES;
				GCC_WARN_UNINITIALIZED_AUTOS = YES_AGGRESSIVE;
				GCC_WARN_UNUSED_FUNCTION = YES;
				GCC_WARN_UNUSED_VARIABLE = YES;
				INFOPLIST_KEY_WKCompanionAppBundleIdentifier = "$(BACKEND_URL)";
				IPHONEOS_DEPLOYMENT_TARGET = 15.0;
				LOCALIZATION_PREFERS_STRING_CATALOGS = YES;
				MTL_ENABLE_DEBUG_INFO = NO;
				MTL_FAST_MATH = YES;
				ONLY_ACTIVE_ARCH = NO;
				SDKROOT = iphoneos;
				SWIFT_COMPILATION_MODE = wholemodule;
				VALIDATE_PRODUCT = YES;
			};
			name = ProductionRelease;
		};
		1FE7D36F2BD25C0C00360068 /* ProductionDebug */ = {
			isa = XCBuildConfiguration;
			baseConfigurationReference = 1FE7D3792BD25C5100360068 /* Production.xcconfig */;
			buildSettings = {
				ASSETCATALOG_COMPILER_APPICON_NAME = AppIcon;
				ASSETCATALOG_COMPILER_GLOBAL_ACCENT_COLOR_NAME = AccentColor;
				CODE_SIGN_STYLE = Automatic;
				CURRENT_PROJECT_VERSION = 1;
				DEVELOPMENT_ASSET_PATHS = "\"YoungTalentiOS/Preview Content\"";
				DEVELOPMENT_TEAM = LA2DV5XFY8;
				ENABLE_PREVIEWS = YES;
				GENERATE_INFOPLIST_FILE = YES;
				INFOPLIST_FILE = YoungTalentiOS/Info.plist;
				INFOPLIST_KEY_UIApplicationSceneManifest_Generation = YES;
				INFOPLIST_KEY_UIApplicationSupportsIndirectInputEvents = YES;
				INFOPLIST_KEY_UILaunchScreen_Generation = YES;
				INFOPLIST_KEY_UISupportedInterfaceOrientations_iPad = "UIInterfaceOrientationPortrait UIInterfaceOrientationPortraitUpsideDown UIInterfaceOrientationLandscapeLeft UIInterfaceOrientationLandscapeRight";
				INFOPLIST_KEY_UISupportedInterfaceOrientations_iPhone = "UIInterfaceOrientationPortrait UIInterfaceOrientationLandscapeLeft UIInterfaceOrientationLandscapeRight";
				IPHONEOS_DEPLOYMENT_TARGET = 15.0;
				LD_RUNPATH_SEARCH_PATHS = (
					"$(inherited)",
					"@executable_path/Frameworks",
				);
				MARKETING_VERSION = 1.0;
				PRODUCT_BUNDLE_IDENTIFIER = "$(BUNDLE_ID)";
				PRODUCT_NAME = "$(APP_NAME)";
				SWIFT_EMIT_LOC_STRINGS = YES;
				SWIFT_VERSION = 5.0;
				TARGETED_DEVICE_FAMILY = "1,2";
			};
			name = ProductionDebug;
		};
		1FE7D3702BD25C0C00360068 /* ProductionRelease */ = {
			isa = XCBuildConfiguration;
			baseConfigurationReference = 1FE7D3792BD25C5100360068 /* Production.xcconfig */;
			buildSettings = {
				ASSETCATALOG_COMPILER_APPICON_NAME = AppIcon;
				ASSETCATALOG_COMPILER_GLOBAL_ACCENT_COLOR_NAME = AccentColor;
				CODE_SIGN_STYLE = Automatic;
				CURRENT_PROJECT_VERSION = 1;
				DEVELOPMENT_ASSET_PATHS = "\"YoungTalentiOS/Preview Content\"";
				DEVELOPMENT_TEAM = LA2DV5XFY8;
				ENABLE_PREVIEWS = YES;
				GENERATE_INFOPLIST_FILE = YES;
				INFOPLIST_FILE = YoungTalentiOS/Info.plist;
				INFOPLIST_KEY_UIApplicationSceneManifest_Generation = YES;
				INFOPLIST_KEY_UIApplicationSupportsIndirectInputEvents = YES;
				INFOPLIST_KEY_UILaunchScreen_Generation = YES;
				INFOPLIST_KEY_UISupportedInterfaceOrientations_iPad = "UIInterfaceOrientationPortrait UIInterfaceOrientationPortraitUpsideDown UIInterfaceOrientationLandscapeLeft UIInterfaceOrientationLandscapeRight";
				INFOPLIST_KEY_UISupportedInterfaceOrientations_iPhone = "UIInterfaceOrientationPortrait UIInterfaceOrientationLandscapeLeft UIInterfaceOrientationLandscapeRight";
				IPHONEOS_DEPLOYMENT_TARGET = 15.0;
				LD_RUNPATH_SEARCH_PATHS = (
					"$(inherited)",
					"@executable_path/Frameworks",
				);
				MARKETING_VERSION = 1.0;
				PRODUCT_BUNDLE_IDENTIFIER = "$(BUNDLE_ID)";
				PRODUCT_NAME = "$(APP_NAME)";
				SWIFT_EMIT_LOC_STRINGS = YES;
				SWIFT_VERSION = 5.0;
				TARGETED_DEVICE_FAMILY = "1,2";
			};
			name = ProductionRelease;
		};
		1FE7D3722BD25C0C00360068 /* ProductionDebug */ = {
			isa = XCBuildConfiguration;
			baseConfigurationReference = 1FE7D3792BD25C5100360068 /* Production.xcconfig */;
			buildSettings = {
				ALWAYS_EMBED_SWIFT_STANDARD_LIBRARIES = YES;
				BUNDLE_LOADER = "$(TEST_HOST)";
				CODE_SIGN_STYLE = Automatic;
				CURRENT_PROJECT_VERSION = 1;
				DEVELOPMENT_TEAM = LA2DV5XFY8;
				GENERATE_INFOPLIST_FILE = YES;
				IPHONEOS_DEPLOYMENT_TARGET = 17.2;
				MARKETING_VERSION = 1.0;
				PRODUCT_BUNDLE_IDENTIFIER = com.ahmetyasinatakan.YoungTalentiOSTests;
				PRODUCT_NAME = "$(TARGET_NAME)";
				SWIFT_EMIT_LOC_STRINGS = NO;
				SWIFT_VERSION = 5.0;
				TARGETED_DEVICE_FAMILY = "1,2";
				TEST_HOST = "$(BUILT_PRODUCTS_DIR)/YoungTalentiOS.app/$(BUNDLE_EXECUTABLE_FOLDER_PATH)/YoungTalentiOS";
			};
			name = ProductionDebug;
		};
		1FE7D3732BD25C0C00360068 /* ProductionRelease */ = {
			isa = XCBuildConfiguration;
			baseConfigurationReference = 1FE7D3792BD25C5100360068 /* Production.xcconfig */;
			buildSettings = {
				ALWAYS_EMBED_SWIFT_STANDARD_LIBRARIES = YES;
				BUNDLE_LOADER = "$(TEST_HOST)";
				CODE_SIGN_STYLE = Automatic;
				CURRENT_PROJECT_VERSION = 1;
				DEVELOPMENT_TEAM = LA2DV5XFY8;
				GENERATE_INFOPLIST_FILE = YES;
				IPHONEOS_DEPLOYMENT_TARGET = 17.2;
				MARKETING_VERSION = 1.0;
				PRODUCT_BUNDLE_IDENTIFIER = com.ahmetyasinatakan.YoungTalentiOSTests;
				PRODUCT_NAME = "$(TARGET_NAME)";
				SWIFT_EMIT_LOC_STRINGS = NO;
				SWIFT_VERSION = 5.0;
				TARGETED_DEVICE_FAMILY = "1,2";
				TEST_HOST = "$(BUILT_PRODUCTS_DIR)/YoungTalentiOS.app/$(BUNDLE_EXECUTABLE_FOLDER_PATH)/YoungTalentiOS";
			};
			name = ProductionRelease;
		};
		1FE7D3752BD25C0C00360068 /* ProductionDebug */ = {
			isa = XCBuildConfiguration;
			baseConfigurationReference = 1FE7D3792BD25C5100360068 /* Production.xcconfig */;
			buildSettings = {
				ALWAYS_EMBED_SWIFT_STANDARD_LIBRARIES = YES;
				CODE_SIGN_STYLE = Automatic;
				CURRENT_PROJECT_VERSION = 1;
				DEVELOPMENT_TEAM = LA2DV5XFY8;
				GENERATE_INFOPLIST_FILE = YES;
				MARKETING_VERSION = 1.0;
				PRODUCT_BUNDLE_IDENTIFIER = com.ahmetyasinatakan.YoungTalentiOSUITests;
				PRODUCT_NAME = "$(TARGET_NAME)";
				SWIFT_EMIT_LOC_STRINGS = NO;
				SWIFT_VERSION = 5.0;
				TARGETED_DEVICE_FAMILY = "1,2";
				TEST_TARGET_NAME = YoungTalentiOS;
			};
			name = ProductionDebug;
		};
		1FE7D3762BD25C0C00360068 /* ProductionRelease */ = {
			isa = XCBuildConfiguration;
			baseConfigurationReference = 1FE7D3792BD25C5100360068 /* Production.xcconfig */;
			buildSettings = {
				ALWAYS_EMBED_SWIFT_STANDARD_LIBRARIES = YES;
				CODE_SIGN_STYLE = Automatic;
				CURRENT_PROJECT_VERSION = 1;
				DEVELOPMENT_TEAM = LA2DV5XFY8;
				GENERATE_INFOPLIST_FILE = YES;
				MARKETING_VERSION = 1.0;
				PRODUCT_BUNDLE_IDENTIFIER = com.ahmetyasinatakan.YoungTalentiOSUITests;
				PRODUCT_NAME = "$(TARGET_NAME)";
				SWIFT_EMIT_LOC_STRINGS = NO;
				SWIFT_VERSION = 5.0;
				TARGETED_DEVICE_FAMILY = "1,2";
				TEST_TARGET_NAME = YoungTalentiOS;
			};
			name = ProductionRelease;
		};
		1FE7D37B2BD25C9200360068 /* DevelopmentDebug */ = {
			isa = XCBuildConfiguration;
			baseConfigurationReference = 1FE7D37A2BD25C5F00360068 /* Development.xcconfig */;
			buildSettings = {
				ALWAYS_SEARCH_USER_PATHS = NO;
				ASSETCATALOG_COMPILER_GENERATE_SWIFT_ASSET_SYMBOL_EXTENSIONS = YES;
				CLANG_ANALYZER_NONNULL = YES;
				CLANG_ANALYZER_NUMBER_OBJECT_CONVERSION = YES_AGGRESSIVE;
				CLANG_CXX_LANGUAGE_STANDARD = "gnu++20";
				CLANG_ENABLE_MODULES = YES;
				CLANG_ENABLE_OBJC_ARC = YES;
				CLANG_ENABLE_OBJC_WEAK = YES;
				CLANG_WARN_BLOCK_CAPTURE_AUTORELEASING = YES;
				CLANG_WARN_BOOL_CONVERSION = YES;
				CLANG_WARN_COMMA = YES;
				CLANG_WARN_CONSTANT_CONVERSION = YES;
				CLANG_WARN_DEPRECATED_OBJC_IMPLEMENTATIONS = YES;
				CLANG_WARN_DIRECT_OBJC_ISA_USAGE = YES_ERROR;
				CLANG_WARN_DOCUMENTATION_COMMENTS = YES;
				CLANG_WARN_EMPTY_BODY = YES;
				CLANG_WARN_ENUM_CONVERSION = YES;
				CLANG_WARN_INFINITE_RECURSION = YES;
				CLANG_WARN_INT_CONVERSION = YES;
				CLANG_WARN_NON_LITERAL_NULL_CONVERSION = YES;
				CLANG_WARN_OBJC_IMPLICIT_RETAIN_SELF = YES;
				CLANG_WARN_OBJC_LITERAL_CONVERSION = YES;
				CLANG_WARN_OBJC_ROOT_CLASS = YES_ERROR;
				CLANG_WARN_QUOTED_INCLUDE_IN_FRAMEWORK_HEADER = YES;
				CLANG_WARN_RANGE_LOOP_ANALYSIS = YES;
				CLANG_WARN_STRICT_PROTOTYPES = YES;
				CLANG_WARN_SUSPICIOUS_MOVE = YES;
				CLANG_WARN_UNGUARDED_AVAILABILITY = YES_AGGRESSIVE;
				CLANG_WARN_UNREACHABLE_CODE = YES;
				CLANG_WARN__DUPLICATE_METHOD_MATCH = YES;
				COPY_PHASE_STRIP = NO;
				DEBUG_INFORMATION_FORMAT = dwarf;
				ENABLE_STRICT_OBJC_MSGSEND = YES;
				ENABLE_TESTABILITY = YES;
				ENABLE_USER_SCRIPT_SANDBOXING = YES;
				GCC_C_LANGUAGE_STANDARD = gnu17;
				GCC_DYNAMIC_NO_PIC = NO;
				GCC_NO_COMMON_BLOCKS = YES;
				GCC_OPTIMIZATION_LEVEL = 0;
				GCC_PREPROCESSOR_DEFINITIONS = (
					"DEBUG=1",
					"$(inherited)",
				);
				GCC_WARN_64_TO_32_BIT_CONVERSION = YES;
				GCC_WARN_ABOUT_RETURN_TYPE = YES_ERROR;
				GCC_WARN_UNDECLARED_SELECTOR = YES;
				GCC_WARN_UNINITIALIZED_AUTOS = YES_AGGRESSIVE;
				GCC_WARN_UNUSED_FUNCTION = YES;
				GCC_WARN_UNUSED_VARIABLE = YES;
				INFOPLIST_KEY_WKCompanionAppBundleIdentifier = "$(BACKEND_URL)";
				IPHONEOS_DEPLOYMENT_TARGET = 15.0;
				LOCALIZATION_PREFERS_STRING_CATALOGS = YES;
				MTL_ENABLE_DEBUG_INFO = INCLUDE_SOURCE;
				MTL_FAST_MATH = YES;
				ONLY_ACTIVE_ARCH = YES;
				SDKROOT = iphoneos;
				SWIFT_ACTIVE_COMPILATION_CONDITIONS = "DEBUG $(inherited)";
				SWIFT_OPTIMIZATION_LEVEL = "-Onone";
			};
			name = DevelopmentDebug;
		};
		1FE7D37C2BD25C9200360068 /* DevelopmentDebug */ = {
			isa = XCBuildConfiguration;
			baseConfigurationReference = 1FE7D37A2BD25C5F00360068 /* Development.xcconfig */;
			buildSettings = {
				ASSETCATALOG_COMPILER_APPICON_NAME = AppIcon;
				ASSETCATALOG_COMPILER_GLOBAL_ACCENT_COLOR_NAME = AccentColor;
				CODE_SIGN_STYLE = Automatic;
				CURRENT_PROJECT_VERSION = 1;
				DEVELOPMENT_ASSET_PATHS = "\"YoungTalentiOS/Preview Content\"";
				DEVELOPMENT_TEAM = LA2DV5XFY8;
				ENABLE_PREVIEWS = YES;
				GENERATE_INFOPLIST_FILE = YES;
				INFOPLIST_FILE = YoungTalentiOS/Info.plist;
				INFOPLIST_KEY_UIApplicationSceneManifest_Generation = YES;
				INFOPLIST_KEY_UIApplicationSupportsIndirectInputEvents = YES;
				INFOPLIST_KEY_UILaunchScreen_Generation = YES;
				INFOPLIST_KEY_UISupportedInterfaceOrientations_iPad = "UIInterfaceOrientationPortrait UIInterfaceOrientationPortraitUpsideDown UIInterfaceOrientationLandscapeLeft UIInterfaceOrientationLandscapeRight";
				INFOPLIST_KEY_UISupportedInterfaceOrientations_iPhone = "UIInterfaceOrientationPortrait UIInterfaceOrientationLandscapeLeft UIInterfaceOrientationLandscapeRight";
				IPHONEOS_DEPLOYMENT_TARGET = 15.0;
				LD_RUNPATH_SEARCH_PATHS = (
					"$(inherited)",
					"@executable_path/Frameworks",
				);
				MARKETING_VERSION = 1.0;
				PRODUCT_BUNDLE_IDENTIFIER = "$(BUNDLE_ID)";
				PRODUCT_NAME = "$(APP_NAME)";
				SWIFT_EMIT_LOC_STRINGS = YES;
				SWIFT_VERSION = 5.0;
				TARGETED_DEVICE_FAMILY = "1,2";
			};
			name = DevelopmentDebug;
		};
		1FE7D37D2BD25C9200360068 /* DevelopmentDebug */ = {
			isa = XCBuildConfiguration;
			baseConfigurationReference = 1FE7D37A2BD25C5F00360068 /* Development.xcconfig */;
			buildSettings = {
				ALWAYS_EMBED_SWIFT_STANDARD_LIBRARIES = YES;
				BUNDLE_LOADER = "$(TEST_HOST)";
				CODE_SIGN_STYLE = Automatic;
				CURRENT_PROJECT_VERSION = 1;
				DEVELOPMENT_TEAM = LA2DV5XFY8;
				GENERATE_INFOPLIST_FILE = YES;
				IPHONEOS_DEPLOYMENT_TARGET = 17.2;
				MARKETING_VERSION = 1.0;
				PRODUCT_BUNDLE_IDENTIFIER = com.ahmetyasinatakan.YoungTalentiOSTests;
				PRODUCT_NAME = "$(TARGET_NAME)";
				SWIFT_EMIT_LOC_STRINGS = NO;
				SWIFT_VERSION = 5.0;
				TARGETED_DEVICE_FAMILY = "1,2";
				TEST_HOST = "$(BUILT_PRODUCTS_DIR)/YoungTalentiOS.app/$(BUNDLE_EXECUTABLE_FOLDER_PATH)/YoungTalentiOS";
			};
			name = DevelopmentDebug;
		};
		1FE7D37E2BD25C9200360068 /* DevelopmentDebug */ = {
			isa = XCBuildConfiguration;
			baseConfigurationReference = 1FE7D37A2BD25C5F00360068 /* Development.xcconfig */;
			buildSettings = {
				ALWAYS_EMBED_SWIFT_STANDARD_LIBRARIES = YES;
				CODE_SIGN_STYLE = Automatic;
				CURRENT_PROJECT_VERSION = 1;
				DEVELOPMENT_TEAM = LA2DV5XFY8;
				GENERATE_INFOPLIST_FILE = YES;
				MARKETING_VERSION = 1.0;
				PRODUCT_BUNDLE_IDENTIFIER = com.ahmetyasinatakan.YoungTalentiOSUITests;
				PRODUCT_NAME = "$(TARGET_NAME)";
				SWIFT_EMIT_LOC_STRINGS = NO;
				SWIFT_VERSION = 5.0;
				TARGETED_DEVICE_FAMILY = "1,2";
				TEST_TARGET_NAME = YoungTalentiOS;
			};
			name = DevelopmentDebug;
		};
		1FE7D37F2BD25C9400360068 /* DevelopmentRelease */ = {
			isa = XCBuildConfiguration;
			baseConfigurationReference = 1FE7D37A2BD25C5F00360068 /* Development.xcconfig */;
			buildSettings = {
				ALWAYS_SEARCH_USER_PATHS = NO;
				ASSETCATALOG_COMPILER_GENERATE_SWIFT_ASSET_SYMBOL_EXTENSIONS = YES;
				CLANG_ANALYZER_NONNULL = YES;
				CLANG_ANALYZER_NUMBER_OBJECT_CONVERSION = YES_AGGRESSIVE;
				CLANG_CXX_LANGUAGE_STANDARD = "gnu++20";
				CLANG_ENABLE_MODULES = YES;
				CLANG_ENABLE_OBJC_ARC = YES;
				CLANG_ENABLE_OBJC_WEAK = YES;
				CLANG_WARN_BLOCK_CAPTURE_AUTORELEASING = YES;
				CLANG_WARN_BOOL_CONVERSION = YES;
				CLANG_WARN_COMMA = YES;
				CLANG_WARN_CONSTANT_CONVERSION = YES;
				CLANG_WARN_DEPRECATED_OBJC_IMPLEMENTATIONS = YES;
				CLANG_WARN_DIRECT_OBJC_ISA_USAGE = YES_ERROR;
				CLANG_WARN_DOCUMENTATION_COMMENTS = YES;
				CLANG_WARN_EMPTY_BODY = YES;
				CLANG_WARN_ENUM_CONVERSION = YES;
				CLANG_WARN_INFINITE_RECURSION = YES;
				CLANG_WARN_INT_CONVERSION = YES;
				CLANG_WARN_NON_LITERAL_NULL_CONVERSION = YES;
				CLANG_WARN_OBJC_IMPLICIT_RETAIN_SELF = YES;
				CLANG_WARN_OBJC_LITERAL_CONVERSION = YES;
				CLANG_WARN_OBJC_ROOT_CLASS = YES_ERROR;
				CLANG_WARN_QUOTED_INCLUDE_IN_FRAMEWORK_HEADER = YES;
				CLANG_WARN_RANGE_LOOP_ANALYSIS = YES;
				CLANG_WARN_STRICT_PROTOTYPES = YES;
				CLANG_WARN_SUSPICIOUS_MOVE = YES;
				CLANG_WARN_UNGUARDED_AVAILABILITY = YES_AGGRESSIVE;
				CLANG_WARN_UNREACHABLE_CODE = YES;
				CLANG_WARN__DUPLICATE_METHOD_MATCH = YES;
				COPY_PHASE_STRIP = NO;
				DEBUG_INFORMATION_FORMAT = "dwarf-with-dsym";
				ENABLE_NS_ASSERTIONS = NO;
				ENABLE_STRICT_OBJC_MSGSEND = YES;
				ENABLE_USER_SCRIPT_SANDBOXING = YES;
				GCC_C_LANGUAGE_STANDARD = gnu17;
				GCC_NO_COMMON_BLOCKS = YES;
				GCC_WARN_64_TO_32_BIT_CONVERSION = YES;
				GCC_WARN_ABOUT_RETURN_TYPE = YES_ERROR;
				GCC_WARN_UNDECLARED_SELECTOR = YES;
				GCC_WARN_UNINITIALIZED_AUTOS = YES_AGGRESSIVE;
				GCC_WARN_UNUSED_FUNCTION = YES;
				GCC_WARN_UNUSED_VARIABLE = YES;
				INFOPLIST_KEY_WKCompanionAppBundleIdentifier = "$(BACKEND_URL)";
				IPHONEOS_DEPLOYMENT_TARGET = 15.0;
				LOCALIZATION_PREFERS_STRING_CATALOGS = YES;
				MTL_ENABLE_DEBUG_INFO = NO;
				MTL_FAST_MATH = YES;
				ONLY_ACTIVE_ARCH = NO;
				SDKROOT = iphoneos;
				SWIFT_COMPILATION_MODE = wholemodule;
				VALIDATE_PRODUCT = YES;
			};
			name = DevelopmentRelease;
		};
		1FE7D3802BD25C9400360068 /* DevelopmentRelease */ = {
			isa = XCBuildConfiguration;
			baseConfigurationReference = 1FE7D37A2BD25C5F00360068 /* Development.xcconfig */;
			buildSettings = {
				ASSETCATALOG_COMPILER_APPICON_NAME = AppIcon;
				ASSETCATALOG_COMPILER_GLOBAL_ACCENT_COLOR_NAME = AccentColor;
				CODE_SIGN_STYLE = Automatic;
				CURRENT_PROJECT_VERSION = 1;
				DEVELOPMENT_ASSET_PATHS = "\"YoungTalentiOS/Preview Content\"";
				DEVELOPMENT_TEAM = LA2DV5XFY8;
				ENABLE_PREVIEWS = YES;
				GENERATE_INFOPLIST_FILE = YES;
				INFOPLIST_FILE = YoungTalentiOS/Info.plist;
				INFOPLIST_KEY_UIApplicationSceneManifest_Generation = YES;
				INFOPLIST_KEY_UIApplicationSupportsIndirectInputEvents = YES;
				INFOPLIST_KEY_UILaunchScreen_Generation = YES;
				INFOPLIST_KEY_UISupportedInterfaceOrientations_iPad = "UIInterfaceOrientationPortrait UIInterfaceOrientationPortraitUpsideDown UIInterfaceOrientationLandscapeLeft UIInterfaceOrientationLandscapeRight";
				INFOPLIST_KEY_UISupportedInterfaceOrientations_iPhone = "UIInterfaceOrientationPortrait UIInterfaceOrientationLandscapeLeft UIInterfaceOrientationLandscapeRight";
				IPHONEOS_DEPLOYMENT_TARGET = 15.0;
				LD_RUNPATH_SEARCH_PATHS = (
					"$(inherited)",
					"@executable_path/Frameworks",
				);
				MARKETING_VERSION = 1.0;
				PRODUCT_BUNDLE_IDENTIFIER = "$(BUNDLE_ID)";
				PRODUCT_NAME = "$(APP_NAME)";
				SWIFT_EMIT_LOC_STRINGS = YES;
				SWIFT_VERSION = 5.0;
				TARGETED_DEVICE_FAMILY = "1,2";
			};
			name = DevelopmentRelease;
		};
		1FE7D3812BD25C9400360068 /* DevelopmentRelease */ = {
			isa = XCBuildConfiguration;
			baseConfigurationReference = 1FE7D37A2BD25C5F00360068 /* Development.xcconfig */;
			buildSettings = {
				ALWAYS_EMBED_SWIFT_STANDARD_LIBRARIES = YES;
				BUNDLE_LOADER = "$(TEST_HOST)";
				CODE_SIGN_STYLE = Automatic;
				CURRENT_PROJECT_VERSION = 1;
				DEVELOPMENT_TEAM = LA2DV5XFY8;
				GENERATE_INFOPLIST_FILE = YES;
				IPHONEOS_DEPLOYMENT_TARGET = 17.2;
				MARKETING_VERSION = 1.0;
				PRODUCT_BUNDLE_IDENTIFIER = com.ahmetyasinatakan.YoungTalentiOSTests;
				PRODUCT_NAME = "$(TARGET_NAME)";
				SWIFT_EMIT_LOC_STRINGS = NO;
				SWIFT_VERSION = 5.0;
				TARGETED_DEVICE_FAMILY = "1,2";
				TEST_HOST = "$(BUILT_PRODUCTS_DIR)/YoungTalentiOS.app/$(BUNDLE_EXECUTABLE_FOLDER_PATH)/YoungTalentiOS";
			};
			name = DevelopmentRelease;
		};
		1FE7D3822BD25C9400360068 /* DevelopmentRelease */ = {
			isa = XCBuildConfiguration;
			baseConfigurationReference = 1FE7D37A2BD25C5F00360068 /* Development.xcconfig */;
			buildSettings = {
				ALWAYS_EMBED_SWIFT_STANDARD_LIBRARIES = YES;
				CODE_SIGN_STYLE = Automatic;
				CURRENT_PROJECT_VERSION = 1;
				DEVELOPMENT_TEAM = LA2DV5XFY8;
				GENERATE_INFOPLIST_FILE = YES;
				MARKETING_VERSION = 1.0;
				PRODUCT_BUNDLE_IDENTIFIER = com.ahmetyasinatakan.YoungTalentiOSUITests;
				PRODUCT_NAME = "$(TARGET_NAME)";
				SWIFT_EMIT_LOC_STRINGS = NO;
				SWIFT_VERSION = 5.0;
				TARGETED_DEVICE_FAMILY = "1,2";
				TEST_TARGET_NAME = YoungTalentiOS;
			};
			name = DevelopmentRelease;
		};
/* End XCBuildConfiguration section */

/* Begin XCConfigurationList section */
		1FE7D3452BD25C0800360068 /* Build configuration list for PBXProject "YoungTalentiOS" */ = {
			isa = XCConfigurationList;
			buildConfigurations = (
				1FE7D36C2BD25C0C00360068 /* ProductionDebug */,
				1FE7D37B2BD25C9200360068 /* DevelopmentDebug */,
				1FE7D36D2BD25C0C00360068 /* ProductionRelease */,
				1FE7D37F2BD25C9400360068 /* DevelopmentRelease */,
			);
			defaultConfigurationIsVisible = 0;
			defaultConfigurationName = ProductionRelease;
		};
		1FE7D36E2BD25C0C00360068 /* Build configuration list for PBXNativeTarget "YoungTalentiOS" */ = {
			isa = XCConfigurationList;
			buildConfigurations = (
				1FE7D36F2BD25C0C00360068 /* ProductionDebug */,
				1FE7D37C2BD25C9200360068 /* DevelopmentDebug */,
				1FE7D3702BD25C0C00360068 /* ProductionRelease */,
				1FE7D3802BD25C9400360068 /* DevelopmentRelease */,
			);
			defaultConfigurationIsVisible = 0;
			defaultConfigurationName = ProductionRelease;
		};
		1FE7D3712BD25C0C00360068 /* Build configuration list for PBXNativeTarget "YoungTalentiOSTests" */ = {
			isa = XCConfigurationList;
			buildConfigurations = (
				1FE7D3722BD25C0C00360068 /* ProductionDebug */,
				1FE7D37D2BD25C9200360068 /* DevelopmentDebug */,
				1FE7D3732BD25C0C00360068 /* ProductionRelease */,
				1FE7D3812BD25C9400360068 /* DevelopmentRelease */,
			);
			defaultConfigurationIsVisible = 0;
			defaultConfigurationName = ProductionRelease;
		};
		1FE7D3742BD25C0C00360068 /* Build configuration list for PBXNativeTarget "YoungTalentiOSUITests" */ = {
			isa = XCConfigurationList;
			buildConfigurations = (
				1FE7D3752BD25C0C00360068 /* ProductionDebug */,
				1FE7D37E2BD25C9200360068 /* DevelopmentDebug */,
				1FE7D3762BD25C0C00360068 /* ProductionRelease */,
				1FE7D3822BD25C9400360068 /* DevelopmentRelease */,
			);
			defaultConfigurationIsVisible = 0;
			defaultConfigurationName = ProductionRelease;
		};
/* End XCConfigurationList section */
	};
	rootObject = 1FE7D3422BD25C0800360068 /* Project object */;
}
